// !$*UTF8*$!
{
	archiveVersion = 1;
	classes = {
	};
	objectVersion = 46;
	objects = {

/* Begin PBXBuildFile section */
		548F3DC769524F62AE69C0C1 /* libPods.a in Frameworks */ = {isa = PBXBuildFile; fileRef = FF4446098666436AB643944F /* libPods.a */; };
		AB01DB04194F499900368693 /* TGStack.m in Sources */ = {isa = PBXBuildFile; fileRef = AB01DB03194F499900368693 /* TGStack.m */; };
		AB17DEF91959937400BFD25B /* CoverViewController.swift in Sources */ = {isa = PBXBuildFile; fileRef = AB17DEF81959937400BFD25B /* CoverViewController.swift */; };
		AB17DF321959B2A200BFD25B /* PlaylistViewController.swift in Sources */ = {isa = PBXBuildFile; fileRef = AB17DF311959B2A200BFD25B /* PlaylistViewController.swift */; };
		AB17DF341959B2B800BFD25B /* InfoViewController.swift in Sources */ = {isa = PBXBuildFile; fileRef = AB17DF331959B2B800BFD25B /* InfoViewController.swift */; };
		AB1BC13F1976C91E003F02B9 /* ScrollingTextView.swift in Sources */ = {isa = PBXBuildFile; fileRef = AB1BC13E1976C91E003F02B9 /* ScrollingTextView.swift */; };
		AB1E831619586C3C00D61BCA /* MainViewController.swift in Sources */ = {isa = PBXBuildFile; fileRef = AB1E831519586C3C00D61BCA /* MainViewController.swift */; };
		AB301E7619050C830093B654 /* TEOSongData.m in Sources */ = {isa = PBXBuildFile; fileRef = AB301E7519050C830093B654 /* TEOSongData.m */; };
		AB3140CF196D5F0F00F910BE /* SongPlayer.swift in Sources */ = {isa = PBXBuildFile; fileRef = AB3140CE196D5F0F00F910BE /* SongPlayer.swift */; };
		AB3E9752187C20D600BECC09 /* TGPlaylistCellView.m in Sources */ = {isa = PBXBuildFile; fileRef = AB3E9751187C20D600BECC09 /* TGPlaylistCellView.m */; };
		AB3FF56319C1D3CE00D6C5EF /* UploadedSSData.m in Sources */ = {isa = PBXBuildFile; fileRef = AB3FF56219C1D3CE00D6C5EF /* UploadedSSData.m */; };
		AB4E078C19B618160052EEC0 /* libz.dylib in Frameworks */ = {isa = PBXBuildFile; fileRef = AB241FD9188977AB00E8E03F /* libz.dylib */; };
		AB4E078D19B6181E0052EEC0 /* libiconv.dylib in Frameworks */ = {isa = PBXBuildFile; fileRef = AB0D052D1889E06400F08566 /* libiconv.dylib */; };
		AB4E078F19B618260052EEC0 /* QTKit.framework in Frameworks */ = {isa = PBXBuildFile; fileRef = AB4E078E19B618260052EEC0 /* QTKit.framework */; };
		AB4E079019B618360052EEC0 /* libc++.dylib in Frameworks */ = {isa = PBXBuildFile; fileRef = AB85BC621875B2E000670905 /* libc++.dylib */; };
		AB4E079119B618640052EEC0 /* libbz2.dylib in Frameworks */ = {isa = PBXBuildFile; fileRef = AB241FD21889767500E8E03F /* libbz2.dylib */; };
		AB4E079219B61AEC0052EEC0 /* VideoDecodeAcceleration.framework in Frameworks */ = {isa = PBXBuildFile; fileRef = AB241FD61889776700E8E03F /* VideoDecodeAcceleration.framework */; };
		AB56D9F418EC14D5005AB947 /* CAKeyframeAnimation+Parametric.m in Sources */ = {isa = PBXBuildFile; fileRef = AB56D9F318EC14D5005AB947 /* CAKeyframeAnimation+Parametric.m */; };
		AB71279B19407C8E0002B1F8 /* CoverArtArchiveWebFetcher.swift in Sources */ = {isa = PBXBuildFile; fileRef = AB71279A19407C8E0002B1F8 /* CoverArtArchiveWebFetcher.swift */; };
		AB7E0717195AF25600570E39 /* DropWindowController.swift in Sources */ = {isa = PBXBuildFile; fileRef = AB7E0716195AF25600570E39 /* DropWindowController.swift */; };
		AB7E0719195AF31700570E39 /* MainWindowController.swift in Sources */ = {isa = PBXBuildFile; fileRef = AB7E0718195AF31700570E39 /* MainWindowController.swift */; };
		AB7FFB6119589BF2002D1E63 /* DropViewController.swift in Sources */ = {isa = PBXBuildFile; fileRef = AB7FFB6019589BF2002D1E63 /* DropViewController.swift */; };
		AB7FFB6319589D1E002D1E63 /* DropView.swift in Sources */ = {isa = PBXBuildFile; fileRef = AB7FFB6219589D1E002D1E63 /* DropView.swift */; };
		AB85BBD71875AACF00670905 /* Cocoa.framework in Frameworks */ = {isa = PBXBuildFile; fileRef = AB85BBD61875AACF00670905 /* Cocoa.framework */; };
		AB85BBE11875AACF00670905 /* InfoPlist.strings in Resources */ = {isa = PBXBuildFile; fileRef = AB85BBDF1875AACF00670905 /* InfoPlist.strings */; };
		AB85BBE31875AACF00670905 /* main.m in Sources */ = {isa = PBXBuildFile; fileRef = AB85BBE21875AACF00670905 /* main.m */; };
		AB85BBE71875AACF00670905 /* Credits.rtf in Resources */ = {isa = PBXBuildFile; fileRef = AB85BBE51875AACF00670905 /* Credits.rtf */; };
		AB85BBEA1875AACF00670905 /* TGAppDelegate.m in Sources */ = {isa = PBXBuildFile; fileRef = AB85BBE91875AACF00670905 /* TGAppDelegate.m */; };
		AB85BBED1875AACF00670905 /* MainMenu.xib in Resources */ = {isa = PBXBuildFile; fileRef = AB85BBEB1875AACF00670905 /* MainMenu.xib */; };
		AB85BBEF1875AACF00670905 /* Images.xcassets in Resources */ = {isa = PBXBuildFile; fileRef = AB85BBEE1875AACF00670905 /* Images.xcassets */; };
		AB85BC3E1875AB5200670905 /* TGFingerPrinter.m in Sources */ = {isa = PBXBuildFile; fileRef = AB85BC101875AB5200670905 /* TGFingerPrinter.m */; };
		AB85BC3F1875AB5200670905 /* TGGridCell.m in Sources */ = {isa = PBXBuildFile; fileRef = AB85BC121875AB5200670905 /* TGGridCell.m */; };
		AB85BC401875AB5200670905 /* TGIdleTimer.m in Sources */ = {isa = PBXBuildFile; fileRef = AB85BC141875AB5200670905 /* TGIdleTimer.m */; };
		AB85BC411875AB5200670905 /* TGMainView.xib in Resources */ = {isa = PBXBuildFile; fileRef = AB85BC151875AB5200670905 /* TGMainView.xib */; };
		AB85BC421875AB5200670905 /* TGMainViewController.m in Sources */ = {isa = PBXBuildFile; fileRef = AB85BC171875AB5200670905 /* TGMainViewController.m */; };
		AB85BC431875AB5200670905 /* TGPlaylist.m in Sources */ = {isa = PBXBuildFile; fileRef = AB85BC191875AB5200670905 /* TGPlaylist.m */; };
		AB85BC441875AB5200670905 /* TGPlaylistView.xib in Resources */ = {isa = PBXBuildFile; fileRef = AB85BC1A1875AB5200670905 /* TGPlaylistView.xib */; };
		AB85BC451875AB5200670905 /* TGPlaylistViewController.m in Sources */ = {isa = PBXBuildFile; fileRef = AB85BC1C1875AB5200670905 /* TGPlaylistViewController.m */; };
		AB85BC461875AB5200670905 /* TGSong.m in Sources */ = {isa = PBXBuildFile; fileRef = AB85BC1E1875AB5200670905 /* TGSong.m */; };
		AB85BC471875AB5200670905 /* TGSongCellMatrix.m in Sources */ = {isa = PBXBuildFile; fileRef = AB85BC201875AB5200670905 /* TGSongCellMatrix.m */; };
		AB85BC481875AB5200670905 /* TGSongGridView.xib in Resources */ = {isa = PBXBuildFile; fileRef = AB85BC211875AB5200670905 /* TGSongGridView.xib */; };
		AB85BC491875AB5200670905 /* TGSongGridViewController.m in Sources */ = {isa = PBXBuildFile; fileRef = AB85BC231875AB5200670905 /* TGSongGridViewController.m */; };
		AB85BC4A1875AB5200670905 /* TGSongInfoView.xib in Resources */ = {isa = PBXBuildFile; fileRef = AB85BC241875AB5200670905 /* TGSongInfoView.xib */; };
		AB85BC4B1875AB5200670905 /* TGSongInfoViewController.m in Sources */ = {isa = PBXBuildFile; fileRef = AB85BC261875AB5200670905 /* TGSongInfoViewController.m */; };
		AB85BC4C1875AB5200670905 /* TGSongPool.m in Sources */ = {isa = PBXBuildFile; fileRef = AB85BC281875AB5200670905 /* TGSongPool.m */; };
		AB85BC4D1875AB5200670905 /* TGSongTimelineView.xib in Resources */ = {isa = PBXBuildFile; fileRef = AB85BC291875AB5200670905 /* TGSongTimelineView.xib */; };
		AB85BC4E1875AB5200670905 /* TGSongTimelineViewController.m in Sources */ = {isa = PBXBuildFile; fileRef = AB85BC2B1875AB5200670905 /* TGSongTimelineViewController.m */; };
		AB85BC4F1875AB5200670905 /* TGSongUIViewController.m in Sources */ = {isa = PBXBuildFile; fileRef = AB85BC2D1875AB5200670905 /* TGSongUIViewController.m */; };
		AB85BC501875AB5200670905 /* TGSongUserData.m in Sources */ = {isa = PBXBuildFile; fileRef = AB85BC2F1875AB5200670905 /* TGSongUserData.m */; };
		AB85BC511875AB5200670905 /* TGSweetSpotControl.m in Sources */ = {isa = PBXBuildFile; fileRef = AB85BC311875AB5200670905 /* TGSweetSpotControl.m */; };
		AB85BC521875AB5200670905 /* TGTimelineBarView.m in Sources */ = {isa = PBXBuildFile; fileRef = AB85BC331875AB5200670905 /* TGTimelineBarView.m */; };
		AB85BC531875AB5200670905 /* TGTimelineSliderCell.m in Sources */ = {isa = PBXBuildFile; fileRef = AB85BC351875AB5200670905 /* TGTimelineSliderCell.m */; };
		AB85BC541875AB5200670905 /* TGTimelineTransformer.m in Sources */ = {isa = PBXBuildFile; fileRef = AB85BC371875AB5200670905 /* TGTimelineTransformer.m */; };
		AB85BC551875AB5200670905 /* TGWindowController.m in Sources */ = {isa = PBXBuildFile; fileRef = AB85BC391875AB5200670905 /* TGWindowController.m */; };
		AB85BC561875AB5200670905 /* TGWindowController.xib in Resources */ = {isa = PBXBuildFile; fileRef = AB85BC3A1875AB5200670905 /* TGWindowController.xib */; };
		AB85BC581875ACE200670905 /* AVFoundation.framework in Frameworks */ = {isa = PBXBuildFile; fileRef = AB85BC571875ACE200670905 /* AVFoundation.framework */; };
		AB85BC5A1875AD1500670905 /* CoreMedia.framework in Frameworks */ = {isa = PBXBuildFile; fileRef = AB85BC591875AD1500670905 /* CoreMedia.framework */; };
		AB85BC5C1875AD3B00670905 /* QuartzCore.framework in Frameworks */ = {isa = PBXBuildFile; fileRef = AB85BC5B1875AD3B00670905 /* QuartzCore.framework */; };
		AB85BC5F1875AD7A00670905 /* TGSongGridScrollView.m in Sources */ = {isa = PBXBuildFile; fileRef = AB85BC5E1875AD7A00670905 /* TGSongGridScrollView.m */; };
		AB8A979A1981261E0006D076 /* SongPlayer2.swift in Sources */ = {isa = PBXBuildFile; fileRef = AB8A97991981261E0006D076 /* SongPlayer2.swift */; };
		AB91A02E1972D097005DF712 /* DebugDisplayController.swift in Sources */ = {isa = PBXBuildFile; fileRef = AB91A02C1972D097005DF712 /* DebugDisplayController.swift */; };
		AB9A44BF19FFC97B00605DCC /* NSImage+TGHashId.m in Sources */ = {isa = PBXBuildFile; fileRef = AB9A44BE19FFC97B00605DCC /* NSImage+TGHashId.m */; };
		ABB33FF019C72C3800439A5E /* SweetSpotServerIO.swift in Sources */ = {isa = PBXBuildFile; fileRef = ABB33FEF19C72C3800439A5E /* SweetSpotServerIO.swift */; };
		ABB770AB1950486600155EE7 /* SongID.swift in Sources */ = {isa = PBXBuildFile; fileRef = ABB770AA1950486600155EE7 /* SongID.swift */; };
		ABCB68EA18FD57E4009CF277 /* TEOSong.xcdatamodeld in Sources */ = {isa = PBXBuildFile; fileRef = ABCB68E818FD57E4009CF277 /* TEOSong.xcdatamodeld */; };
		ABEC263D1951C6F200A57CE3 /* Main.storyboard in Resources */ = {isa = PBXBuildFile; fileRef = ABEC263C1951C6F200A57CE3 /* Main.storyboard */; };
		ABFC8EB219C19C630007ECCB /* uploadedSS.plist in Resources */ = {isa = PBXBuildFile; fileRef = ABFC8EB119C19C630007ECCB /* uploadedSS.plist */; };
		ABFC8EB519C1BCE90007ECCB /* uploadedSS.xcdatamodeld in Sources */ = {isa = PBXBuildFile; fileRef = ABFC8EB319C1BCE90007ECCB /* uploadedSS.xcdatamodeld */; };
/* End PBXBuildFile section */

/* Begin PBXFileReference section */
		AB01DB03194F499900368693 /* TGStack.m */ = {isa = PBXFileReference; fileEncoding = 4; lastKnownFileType = sourcecode.c.objc; name = TGStack.m; path = ../TGStack.m; sourceTree = "<group>"; };
		AB01DB05194F49B800368693 /* TGStack.h */ = {isa = PBXFileReference; lastKnownFileType = sourcecode.c.h; name = TGStack.h; path = ../TGStack.h; sourceTree = "<group>"; };
		AB0D052D1889E06400F08566 /* libiconv.dylib */ = {isa = PBXFileReference; lastKnownFileType = "compiled.mach-o.dylib"; name = libiconv.dylib; path = usr/lib/libiconv.dylib; sourceTree = SDKROOT; };
		AB17DEF81959937400BFD25B /* CoverViewController.swift */ = {isa = PBXFileReference; fileEncoding = 4; lastKnownFileType = sourcecode.swift; path = CoverViewController.swift; sourceTree = "<group>"; };
		AB17DF311959B2A200BFD25B /* PlaylistViewController.swift */ = {isa = PBXFileReference; fileEncoding = 4; lastKnownFileType = sourcecode.swift; path = PlaylistViewController.swift; sourceTree = "<group>"; };
		AB17DF331959B2B800BFD25B /* InfoViewController.swift */ = {isa = PBXFileReference; fileEncoding = 4; lastKnownFileType = sourcecode.swift; path = InfoViewController.swift; sourceTree = "<group>"; };
		AB1BC13E1976C91E003F02B9 /* ScrollingTextView.swift */ = {isa = PBXFileReference; fileEncoding = 4; lastKnownFileType = sourcecode.swift; path = ScrollingTextView.swift; sourceTree = "<group>"; };
		AB1E831519586C3C00D61BCA /* MainViewController.swift */ = {isa = PBXFileReference; fileEncoding = 4; lastKnownFileType = sourcecode.swift; path = MainViewController.swift; sourceTree = "<group>"; };
		AB241FD21889767500E8E03F /* libbz2.dylib */ = {isa = PBXFileReference; lastKnownFileType = "compiled.mach-o.dylib"; name = libbz2.dylib; path = usr/lib/libbz2.dylib; sourceTree = SDKROOT; };
		AB241FD41889774800E8E03F /* CoreFoundation.framework */ = {isa = PBXFileReference; lastKnownFileType = wrapper.framework; name = CoreFoundation.framework; path = System/Library/Frameworks/CoreFoundation.framework; sourceTree = SDKROOT; };
		AB241FD61889776700E8E03F /* VideoDecodeAcceleration.framework */ = {isa = PBXFileReference; lastKnownFileType = wrapper.framework; name = VideoDecodeAcceleration.framework; path = System/Library/Frameworks/VideoDecodeAcceleration.framework; sourceTree = SDKROOT; };
		AB241FD9188977AB00E8E03F /* libz.dylib */ = {isa = PBXFileReference; lastKnownFileType = "compiled.mach-o.dylib"; name = libz.dylib; path = usr/lib/libz.dylib; sourceTree = SDKROOT; };
		AB301E7419050C830093B654 /* TEOSongData.h */ = {isa = PBXFileReference; fileEncoding = 4; lastKnownFileType = sourcecode.c.h; path = TEOSongData.h; sourceTree = "<group>"; };
		AB301E7519050C830093B654 /* TEOSongData.m */ = {isa = PBXFileReference; fileEncoding = 4; lastKnownFileType = sourcecode.c.objc; path = TEOSongData.m; sourceTree = "<group>"; };
		AB3140CE196D5F0F00F910BE /* SongPlayer.swift */ = {isa = PBXFileReference; fileEncoding = 4; lastKnownFileType = sourcecode.swift; path = SongPlayer.swift; sourceTree = "<group>"; };
		AB3E97481876F94700BECC09 /* libchromaprint.a */ = {isa = PBXFileReference; lastKnownFileType = archive.ar; name = libchromaprint.a; path = ../chromaprint/build/Release/libchromaprint.a; sourceTree = "<group>"; };
		AB3E9750187C20D600BECC09 /* TGPlaylistCellView.h */ = {isa = PBXFileReference; fileEncoding = 4; lastKnownFileType = sourcecode.c.h; path = TGPlaylistCellView.h; sourceTree = "<group>"; };
		AB3E9751187C20D600BECC09 /* TGPlaylistCellView.m */ = {isa = PBXFileReference; fileEncoding = 4; lastKnownFileType = sourcecode.c.objc; path = TGPlaylistCellView.m; sourceTree = "<group>"; };
		AB3FF56119C1D3CE00D6C5EF /* UploadedSSData.h */ = {isa = PBXFileReference; fileEncoding = 4; lastKnownFileType = sourcecode.c.h; path = UploadedSSData.h; sourceTree = "<group>"; };
		AB3FF56219C1D3CE00D6C5EF /* UploadedSSData.m */ = {isa = PBXFileReference; fileEncoding = 4; lastKnownFileType = sourcecode.c.objc; path = UploadedSSData.m; sourceTree = "<group>"; };
		AB4E078E19B618260052EEC0 /* QTKit.framework */ = {isa = PBXFileReference; lastKnownFileType = wrapper.framework; name = QTKit.framework; path = System/Library/Frameworks/QTKit.framework; sourceTree = SDKROOT; };
		AB56D9F218EC14D5005AB947 /* CAKeyframeAnimation+Parametric.h */ = {isa = PBXFileReference; fileEncoding = 4; lastKnownFileType = sourcecode.c.h; path = "CAKeyframeAnimation+Parametric.h"; sourceTree = "<group>"; };
		AB56D9F318EC14D5005AB947 /* CAKeyframeAnimation+Parametric.m */ = {isa = PBXFileReference; fileEncoding = 4; lastKnownFileType = sourcecode.c.objc; path = "CAKeyframeAnimation+Parametric.m"; sourceTree = "<group>"; };
		AB71279919407C8D0002B1F8 /* reDiscover-Bridging-Header.h */ = {isa = PBXFileReference; lastKnownFileType = sourcecode.c.h; path = "reDiscover-Bridging-Header.h"; sourceTree = "<group>"; };
		AB71279A19407C8E0002B1F8 /* CoverArtArchiveWebFetcher.swift */ = {isa = PBXFileReference; fileEncoding = 4; lastKnownFileType = sourcecode.swift; path = CoverArtArchiveWebFetcher.swift; sourceTree = "<group>"; };
		AB7E0716195AF25600570E39 /* DropWindowController.swift */ = {isa = PBXFileReference; fileEncoding = 4; lastKnownFileType = sourcecode.swift; path = DropWindowController.swift; sourceTree = "<group>"; };
		AB7E0718195AF31700570E39 /* MainWindowController.swift */ = {isa = PBXFileReference; fileEncoding = 4; lastKnownFileType = sourcecode.swift; path = MainWindowController.swift; sourceTree = "<group>"; };
		AB7FFB6019589BF2002D1E63 /* DropViewController.swift */ = {isa = PBXFileReference; fileEncoding = 4; lastKnownFileType = sourcecode.swift; path = DropViewController.swift; sourceTree = "<group>"; };
		AB7FFB6219589D1E002D1E63 /* DropView.swift */ = {isa = PBXFileReference; fileEncoding = 4; lastKnownFileType = sourcecode.swift; path = DropView.swift; sourceTree = "<group>"; };
		AB85BBD31875AACF00670905 /* reDiscover.app */ = {isa = PBXFileReference; explicitFileType = wrapper.application; includeInIndex = 0; path = reDiscover.app; sourceTree = BUILT_PRODUCTS_DIR; };
		AB85BBD61875AACF00670905 /* Cocoa.framework */ = {isa = PBXFileReference; lastKnownFileType = wrapper.framework; name = Cocoa.framework; path = System/Library/Frameworks/Cocoa.framework; sourceTree = SDKROOT; };
		AB85BBD91875AACF00670905 /* AppKit.framework */ = {isa = PBXFileReference; lastKnownFileType = wrapper.framework; name = AppKit.framework; path = System/Library/Frameworks/AppKit.framework; sourceTree = SDKROOT; };
		AB85BBDA1875AACF00670905 /* CoreData.framework */ = {isa = PBXFileReference; lastKnownFileType = wrapper.framework; name = CoreData.framework; path = System/Library/Frameworks/CoreData.framework; sourceTree = SDKROOT; };
		AB85BBDB1875AACF00670905 /* Foundation.framework */ = {isa = PBXFileReference; lastKnownFileType = wrapper.framework; name = Foundation.framework; path = System/Library/Frameworks/Foundation.framework; sourceTree = SDKROOT; };
		AB85BBDE1875AACF00670905 /* reDiscover-Info.plist */ = {isa = PBXFileReference; lastKnownFileType = text.plist.xml; path = "reDiscover-Info.plist"; sourceTree = "<group>"; };
		AB85BBE01875AACF00670905 /* en */ = {isa = PBXFileReference; lastKnownFileType = text.plist.strings; name = en; path = en.lproj/InfoPlist.strings; sourceTree = "<group>"; };
		AB85BBE21875AACF00670905 /* main.m */ = {isa = PBXFileReference; lastKnownFileType = sourcecode.c.objc; path = main.m; sourceTree = "<group>"; };
		AB85BBE41875AACF00670905 /* reDiscover-Prefix.pch */ = {isa = PBXFileReference; lastKnownFileType = sourcecode.c.h; path = "reDiscover-Prefix.pch"; sourceTree = "<group>"; };
		AB85BBE61875AACF00670905 /* en */ = {isa = PBXFileReference; lastKnownFileType = text.rtf; name = en; path = en.lproj/Credits.rtf; sourceTree = "<group>"; };
		AB85BBE81875AACF00670905 /* TGAppDelegate.h */ = {isa = PBXFileReference; lastKnownFileType = sourcecode.c.h; path = TGAppDelegate.h; sourceTree = "<group>"; };
		AB85BBE91875AACF00670905 /* TGAppDelegate.m */ = {isa = PBXFileReference; lastKnownFileType = sourcecode.c.objc; path = TGAppDelegate.m; sourceTree = "<group>"; };
		AB85BBEC1875AACF00670905 /* Base */ = {isa = PBXFileReference; lastKnownFileType = file.xib; name = Base; path = Base.lproj/MainMenu.xib; sourceTree = "<group>"; };
		AB85BBEE1875AACF00670905 /* Images.xcassets */ = {isa = PBXFileReference; lastKnownFileType = folder.assetcatalog; path = Images.xcassets; sourceTree = "<group>"; };
		AB85BBF51875AACF00670905 /* XCTest.framework */ = {isa = PBXFileReference; lastKnownFileType = wrapper.framework; name = XCTest.framework; path = Library/Frameworks/XCTest.framework; sourceTree = DEVELOPER_DIR; };
		AB85BBFC1875AACF00670905 /* reDiscoverTests-Info.plist */ = {isa = PBXFileReference; lastKnownFileType = text.plist.xml; path = "reDiscoverTests-Info.plist"; sourceTree = "<group>"; };
		AB85BBFE1875AACF00670905 /* en */ = {isa = PBXFileReference; lastKnownFileType = text.plist.strings; name = en; path = en.lproj/InfoPlist.strings; sourceTree = "<group>"; };
		AB85BC001875AACF00670905 /* reDiscoverTests.m */ = {isa = PBXFileReference; lastKnownFileType = sourcecode.c.objc; path = reDiscoverTests.m; sourceTree = "<group>"; };
		AB85BC0F1875AB5200670905 /* TGFingerPrinter.h */ = {isa = PBXFileReference; fileEncoding = 4; lastKnownFileType = sourcecode.c.h; path = TGFingerPrinter.h; sourceTree = "<group>"; };
		AB85BC101875AB5200670905 /* TGFingerPrinter.m */ = {isa = PBXFileReference; fileEncoding = 4; lastKnownFileType = sourcecode.c.objc; path = TGFingerPrinter.m; sourceTree = "<group>"; };
		AB85BC111875AB5200670905 /* TGGridCell.h */ = {isa = PBXFileReference; fileEncoding = 4; lastKnownFileType = sourcecode.c.h; path = TGGridCell.h; sourceTree = "<group>"; };
		AB85BC121875AB5200670905 /* TGGridCell.m */ = {isa = PBXFileReference; fileEncoding = 4; lastKnownFileType = sourcecode.c.objc; path = TGGridCell.m; sourceTree = "<group>"; };
		AB85BC131875AB5200670905 /* TGIdleTimer.h */ = {isa = PBXFileReference; fileEncoding = 4; lastKnownFileType = sourcecode.c.h; path = TGIdleTimer.h; sourceTree = "<group>"; };
		AB85BC141875AB5200670905 /* TGIdleTimer.m */ = {isa = PBXFileReference; fileEncoding = 4; lastKnownFileType = sourcecode.c.objc; path = TGIdleTimer.m; sourceTree = "<group>"; };
		AB85BC151875AB5200670905 /* TGMainView.xib */ = {isa = PBXFileReference; fileEncoding = 4; lastKnownFileType = file.xib; path = TGMainView.xib; sourceTree = "<group>"; };
		AB85BC161875AB5200670905 /* TGMainViewController.h */ = {isa = PBXFileReference; fileEncoding = 4; lastKnownFileType = sourcecode.c.h; path = TGMainViewController.h; sourceTree = "<group>"; };
		AB85BC171875AB5200670905 /* TGMainViewController.m */ = {isa = PBXFileReference; fileEncoding = 4; lastKnownFileType = sourcecode.c.objc; path = TGMainViewController.m; sourceTree = "<group>"; };
		AB85BC181875AB5200670905 /* TGPlaylist.h */ = {isa = PBXFileReference; fileEncoding = 4; lastKnownFileType = sourcecode.c.h; path = TGPlaylist.h; sourceTree = "<group>"; };
		AB85BC191875AB5200670905 /* TGPlaylist.m */ = {isa = PBXFileReference; fileEncoding = 4; lastKnownFileType = sourcecode.c.objc; path = TGPlaylist.m; sourceTree = "<group>"; };
		AB85BC1A1875AB5200670905 /* TGPlaylistView.xib */ = {isa = PBXFileReference; fileEncoding = 4; lastKnownFileType = file.xib; path = TGPlaylistView.xib; sourceTree = "<group>"; };
		AB85BC1B1875AB5200670905 /* TGPlaylistViewController.h */ = {isa = PBXFileReference; fileEncoding = 4; lastKnownFileType = sourcecode.c.h; path = TGPlaylistViewController.h; sourceTree = "<group>"; };
		AB85BC1C1875AB5200670905 /* TGPlaylistViewController.m */ = {isa = PBXFileReference; fileEncoding = 4; lastKnownFileType = sourcecode.c.objc; path = TGPlaylistViewController.m; sourceTree = "<group>"; };
		AB85BC1D1875AB5200670905 /* TGSong.h */ = {isa = PBXFileReference; fileEncoding = 4; lastKnownFileType = sourcecode.c.h; path = TGSong.h; sourceTree = "<group>"; };
		AB85BC1E1875AB5200670905 /* TGSong.m */ = {isa = PBXFileReference; fileEncoding = 4; lastKnownFileType = sourcecode.c.objc; path = TGSong.m; sourceTree = "<group>"; };
		AB85BC1F1875AB5200670905 /* TGSongCellMatrix.h */ = {isa = PBXFileReference; fileEncoding = 4; lastKnownFileType = sourcecode.c.h; path = TGSongCellMatrix.h; sourceTree = "<group>"; };
		AB85BC201875AB5200670905 /* TGSongCellMatrix.m */ = {isa = PBXFileReference; fileEncoding = 4; lastKnownFileType = sourcecode.c.objc; path = TGSongCellMatrix.m; sourceTree = "<group>"; };
		AB85BC211875AB5200670905 /* TGSongGridView.xib */ = {isa = PBXFileReference; fileEncoding = 4; lastKnownFileType = file.xib; path = TGSongGridView.xib; sourceTree = "<group>"; };
		AB85BC221875AB5200670905 /* TGSongGridViewController.h */ = {isa = PBXFileReference; fileEncoding = 4; lastKnownFileType = sourcecode.c.h; path = TGSongGridViewController.h; sourceTree = "<group>"; };
		AB85BC231875AB5200670905 /* TGSongGridViewController.m */ = {isa = PBXFileReference; fileEncoding = 4; lastKnownFileType = sourcecode.c.objc; path = TGSongGridViewController.m; sourceTree = "<group>"; };
		AB85BC241875AB5200670905 /* TGSongInfoView.xib */ = {isa = PBXFileReference; fileEncoding = 4; lastKnownFileType = file.xib; path = TGSongInfoView.xib; sourceTree = "<group>"; };
		AB85BC251875AB5200670905 /* TGSongInfoViewController.h */ = {isa = PBXFileReference; fileEncoding = 4; lastKnownFileType = sourcecode.c.h; path = TGSongInfoViewController.h; sourceTree = "<group>"; };
		AB85BC261875AB5200670905 /* TGSongInfoViewController.m */ = {isa = PBXFileReference; fileEncoding = 4; lastKnownFileType = sourcecode.c.objc; path = TGSongInfoViewController.m; sourceTree = "<group>"; };
		AB85BC271875AB5200670905 /* TGSongPool.h */ = {isa = PBXFileReference; fileEncoding = 4; lastKnownFileType = sourcecode.c.h; path = TGSongPool.h; sourceTree = "<group>"; };
		AB85BC281875AB5200670905 /* TGSongPool.m */ = {isa = PBXFileReference; fileEncoding = 4; lastKnownFileType = sourcecode.c.objc; path = TGSongPool.m; sourceTree = "<group>"; };
		AB85BC291875AB5200670905 /* TGSongTimelineView.xib */ = {isa = PBXFileReference; fileEncoding = 4; lastKnownFileType = file.xib; path = TGSongTimelineView.xib; sourceTree = "<group>"; };
		AB85BC2A1875AB5200670905 /* TGSongTimelineViewController.h */ = {isa = PBXFileReference; fileEncoding = 4; lastKnownFileType = sourcecode.c.h; path = TGSongTimelineViewController.h; sourceTree = "<group>"; };
		AB85BC2B1875AB5200670905 /* TGSongTimelineViewController.m */ = {isa = PBXFileReference; fileEncoding = 4; lastKnownFileType = sourcecode.c.objc; path = TGSongTimelineViewController.m; sourceTree = "<group>"; };
		AB85BC2C1875AB5200670905 /* TGSongUIViewController.h */ = {isa = PBXFileReference; fileEncoding = 4; lastKnownFileType = sourcecode.c.h; path = TGSongUIViewController.h; sourceTree = "<group>"; };
		AB85BC2D1875AB5200670905 /* TGSongUIViewController.m */ = {isa = PBXFileReference; fileEncoding = 4; lastKnownFileType = sourcecode.c.objc; path = TGSongUIViewController.m; sourceTree = "<group>"; };
		AB85BC2E1875AB5200670905 /* TGSongUserData.h */ = {isa = PBXFileReference; fileEncoding = 4; lastKnownFileType = sourcecode.c.h; path = TGSongUserData.h; sourceTree = "<group>"; };
		AB85BC2F1875AB5200670905 /* TGSongUserData.m */ = {isa = PBXFileReference; fileEncoding = 4; lastKnownFileType = sourcecode.c.objc; path = TGSongUserData.m; sourceTree = "<group>"; };
		AB85BC301875AB5200670905 /* TGSweetSpotControl.h */ = {isa = PBXFileReference; fileEncoding = 4; lastKnownFileType = sourcecode.c.h; path = TGSweetSpotControl.h; sourceTree = "<group>"; };
		AB85BC311875AB5200670905 /* TGSweetSpotControl.m */ = {isa = PBXFileReference; fileEncoding = 4; lastKnownFileType = sourcecode.c.objc; path = TGSweetSpotControl.m; sourceTree = "<group>"; };
		AB85BC321875AB5200670905 /* TGTimelineBarView.h */ = {isa = PBXFileReference; fileEncoding = 4; lastKnownFileType = sourcecode.c.h; path = TGTimelineBarView.h; sourceTree = "<group>"; };
		AB85BC331875AB5200670905 /* TGTimelineBarView.m */ = {isa = PBXFileReference; fileEncoding = 4; lastKnownFileType = sourcecode.c.objc; path = TGTimelineBarView.m; sourceTree = "<group>"; };
		AB85BC341875AB5200670905 /* TGTimelineSliderCell.h */ = {isa = PBXFileReference; fileEncoding = 4; lastKnownFileType = sourcecode.c.h; path = TGTimelineSliderCell.h; sourceTree = "<group>"; };
		AB85BC351875AB5200670905 /* TGTimelineSliderCell.m */ = {isa = PBXFileReference; fileEncoding = 4; lastKnownFileType = sourcecode.c.objc; path = TGTimelineSliderCell.m; sourceTree = "<group>"; };
		AB85BC361875AB5200670905 /* TGTimelineTransformer.h */ = {isa = PBXFileReference; fileEncoding = 4; lastKnownFileType = sourcecode.c.h; path = TGTimelineTransformer.h; sourceTree = "<group>"; };
		AB85BC371875AB5200670905 /* TGTimelineTransformer.m */ = {isa = PBXFileReference; fileEncoding = 4; lastKnownFileType = sourcecode.c.objc; path = TGTimelineTransformer.m; sourceTree = "<group>"; };
		AB85BC381875AB5200670905 /* TGWindowController.h */ = {isa = PBXFileReference; fileEncoding = 4; lastKnownFileType = sourcecode.c.h; path = TGWindowController.h; sourceTree = "<group>"; };
		AB85BC391875AB5200670905 /* TGWindowController.m */ = {isa = PBXFileReference; fileEncoding = 4; lastKnownFileType = sourcecode.c.objc; path = TGWindowController.m; sourceTree = "<group>"; };
		AB85BC3A1875AB5200670905 /* TGWindowController.xib */ = {isa = PBXFileReference; fileEncoding = 4; lastKnownFileType = file.xib; path = TGWindowController.xib; sourceTree = "<group>"; };
		AB85BC571875ACE200670905 /* AVFoundation.framework */ = {isa = PBXFileReference; lastKnownFileType = wrapper.framework; name = AVFoundation.framework; path = System/Library/Frameworks/AVFoundation.framework; sourceTree = SDKROOT; };
		AB85BC591875AD1500670905 /* CoreMedia.framework */ = {isa = PBXFileReference; lastKnownFileType = wrapper.framework; name = CoreMedia.framework; path = System/Library/Frameworks/CoreMedia.framework; sourceTree = SDKROOT; };
		AB85BC5B1875AD3B00670905 /* QuartzCore.framework */ = {isa = PBXFileReference; lastKnownFileType = wrapper.framework; name = QuartzCore.framework; path = System/Library/Frameworks/QuartzCore.framework; sourceTree = SDKROOT; };
		AB85BC5D1875AD7A00670905 /* TGSongGridScrollView.h */ = {isa = PBXFileReference; fileEncoding = 4; lastKnownFileType = sourcecode.c.h; path = TGSongGridScrollView.h; sourceTree = "<group>"; };
		AB85BC5E1875AD7A00670905 /* TGSongGridScrollView.m */ = {isa = PBXFileReference; fileEncoding = 4; lastKnownFileType = sourcecode.c.objc; path = TGSongGridScrollView.m; sourceTree = "<group>"; };
		AB85BC621875B2E000670905 /* libc++.dylib */ = {isa = PBXFileReference; lastKnownFileType = "compiled.mach-o.dylib"; name = "libc++.dylib"; path = "usr/lib/libc++.dylib"; sourceTree = SDKROOT; };
		AB85BC641875B2F600670905 /* Accelerate.framework */ = {isa = PBXFileReference; lastKnownFileType = wrapper.framework; name = Accelerate.framework; path = System/Library/Frameworks/Accelerate.framework; sourceTree = SDKROOT; };
		AB8A97991981261E0006D076 /* SongPlayer2.swift */ = {isa = PBXFileReference; fileEncoding = 4; lastKnownFileType = sourcecode.swift; path = SongPlayer2.swift; sourceTree = "<group>"; };
		AB91A02C1972D097005DF712 /* DebugDisplayController.swift */ = {isa = PBXFileReference; fileEncoding = 4; lastKnownFileType = sourcecode.swift; path = DebugDisplayController.swift; sourceTree = "<group>"; };
		AB9A44BD19FFC97B00605DCC /* NSImage+TGHashId.h */ = {isa = PBXFileReference; fileEncoding = 4; lastKnownFileType = sourcecode.c.h; path = "NSImage+TGHashId.h"; sourceTree = "<group>"; };
		AB9A44BE19FFC97B00605DCC /* NSImage+TGHashId.m */ = {isa = PBXFileReference; fileEncoding = 4; lastKnownFileType = sourcecode.c.objc; path = "NSImage+TGHashId.m"; sourceTree = "<group>"; };
		ABB33FEF19C72C3800439A5E /* SweetSpotServerIO.swift */ = {isa = PBXFileReference; fileEncoding = 4; lastKnownFileType = sourcecode.swift; path = SweetSpotServerIO.swift; sourceTree = "<group>"; };
		ABB770AA1950486600155EE7 /* SongID.swift */ = {isa = PBXFileReference; fileEncoding = 4; lastKnownFileType = sourcecode.swift; path = SongID.swift; sourceTree = "<group>"; };
		ABCB68E918FD57E4009CF277 /* TEOSong.xcdatamodel */ = {isa = PBXFileReference; lastKnownFileType = wrapper.xcdatamodel; path = TEOSong.xcdatamodel; sourceTree = "<group>"; };
		ABEC263C1951C6F200A57CE3 /* Main.storyboard */ = {isa = PBXFileReference; fileEncoding = 4; lastKnownFileType = file.storyboard; path = Main.storyboard; sourceTree = "<group>"; };
		ABFC8EB119C19C630007ECCB /* uploadedSS.plist */ = {isa = PBXFileReference; fileEncoding = 4; lastKnownFileType = text.plist.xml; path = uploadedSS.plist; sourceTree = "<group>"; };
		ABFC8EB419C1BCE90007ECCB /* uploadedSS.xcdatamodel */ = {isa = PBXFileReference; lastKnownFileType = wrapper.xcdatamodel; path = uploadedSS.xcdatamodel; sourceTree = "<group>"; };
		B512DB84B1174F868791F7EF /* Pods.xcconfig */ = {isa = PBXFileReference; includeInIndex = 1; lastKnownFileType = text.xcconfig; name = Pods.xcconfig; path = Pods/Pods.xcconfig; sourceTree = "<group>"; };
		FF4446098666436AB643944F /* libPods.a */ = {isa = PBXFileReference; explicitFileType = archive.ar; includeInIndex = 0; path = libPods.a; sourceTree = BUILT_PRODUCTS_DIR; };
/* End PBXFileReference section */

/* Begin PBXFrameworksBuildPhase section */
		AB85BBD01875AACF00670905 /* Frameworks */ = {
			isa = PBXFrameworksBuildPhase;
			buildActionMask = 2147483647;
			files = (
				AB4E079219B61AEC0052EEC0 /* VideoDecodeAcceleration.framework in Frameworks */,
				AB4E079119B618640052EEC0 /* libbz2.dylib in Frameworks */,
				AB4E079019B618360052EEC0 /* libc++.dylib in Frameworks */,
				AB4E078F19B618260052EEC0 /* QTKit.framework in Frameworks */,
				AB4E078D19B6181E0052EEC0 /* libiconv.dylib in Frameworks */,
				AB4E078C19B618160052EEC0 /* libz.dylib in Frameworks */,
				548F3DC769524F62AE69C0C1 /* libPods.a in Frameworks */,
				AB85BC5C1875AD3B00670905 /* QuartzCore.framework in Frameworks */,
				AB85BC5A1875AD1500670905 /* CoreMedia.framework in Frameworks */,
				AB85BC581875ACE200670905 /* AVFoundation.framework in Frameworks */,
				AB85BBD71875AACF00670905 /* Cocoa.framework in Frameworks */,
			);
			runOnlyForDeploymentPostprocessing = 0;
		};
/* End PBXFrameworksBuildPhase section */

/* Begin PBXGroup section */
		AB3E974A187BFC7E00BECC09 /* App start view */ = {
			isa = PBXGroup;
			children = (
				AB85BBE81875AACF00670905 /* TGAppDelegate.h */,
				AB85BBE91875AACF00670905 /* TGAppDelegate.m */,
				AB85BC381875AB5200670905 /* TGWindowController.h */,
				AB85BC391875AB5200670905 /* TGWindowController.m */,
				AB7E0716195AF25600570E39 /* DropWindowController.swift */,
				AB7E0718195AF31700570E39 /* MainWindowController.swift */,
				AB85BC3A1875AB5200670905 /* TGWindowController.xib */,
				AB85BBEB1875AACF00670905 /* MainMenu.xib */,
				AB7FFB6019589BF2002D1E63 /* DropViewController.swift */,
				AB7FFB6219589D1E002D1E63 /* DropView.swift */,
				AB17DEF81959937400BFD25B /* CoverViewController.swift */,
				AB17DF311959B2A200BFD25B /* PlaylistViewController.swift */,
				AB17DF331959B2B800BFD25B /* InfoViewController.swift */,
			);
			name = "App start view";
			sourceTree = "<group>";
		};
		AB3E974B187BFD6000BECC09 /* Song grid panel */ = {
			isa = PBXGroup;
			children = (
				AB85BC161875AB5200670905 /* TGMainViewController.h */,
				AB85BC171875AB5200670905 /* TGMainViewController.m */,
				AB1E831519586C3C00D61BCA /* MainViewController.swift */,
				AB85BC221875AB5200670905 /* TGSongGridViewController.h */,
				AB85BC231875AB5200670905 /* TGSongGridViewController.m */,
				AB56D9F218EC14D5005AB947 /* CAKeyframeAnimation+Parametric.h */,
				AB56D9F318EC14D5005AB947 /* CAKeyframeAnimation+Parametric.m */,
				AB85BC2C1875AB5200670905 /* TGSongUIViewController.h */,
				AB85BC2D1875AB5200670905 /* TGSongUIViewController.m */,
				AB85BC111875AB5200670905 /* TGGridCell.h */,
				AB85BC121875AB5200670905 /* TGGridCell.m */,
				AB85BC151875AB5200670905 /* TGMainView.xib */,
				AB85BC5D1875AD7A00670905 /* TGSongGridScrollView.h */,
				AB85BC5E1875AD7A00670905 /* TGSongGridScrollView.m */,
				AB85BC1F1875AB5200670905 /* TGSongCellMatrix.h */,
				AB85BC201875AB5200670905 /* TGSongCellMatrix.m */,
				AB85BC211875AB5200670905 /* TGSongGridView.xib */,
				AB3E974F187BFDC700BECC09 /* song timeline */,
			);
			name = "Song grid panel";
			sourceTree = "<group>";
		};
		AB3E974C187BFD8700BECC09 /* Common */ = {
			isa = PBXGroup;
			children = (
				AB9A44BD19FFC97B00605DCC /* NSImage+TGHashId.h */,
				AB9A44BE19FFC97B00605DCC /* NSImage+TGHashId.m */,
				AB01DB03194F499900368693 /* TGStack.m */,
				AB01DB05194F49B800368693 /* TGStack.h */,
				ABEC263C1951C6F200A57CE3 /* Main.storyboard */,
				AB85BC0F1875AB5200670905 /* TGFingerPrinter.h */,
				AB85BC101875AB5200670905 /* TGFingerPrinter.m */,
				AB71279A19407C8E0002B1F8 /* CoverArtArchiveWebFetcher.swift */,
				AB71279919407C8D0002B1F8 /* reDiscover-Bridging-Header.h */,
				AB85BC2E1875AB5200670905 /* TGSongUserData.h */,
				AB85BC2F1875AB5200670905 /* TGSongUserData.m */,
				AB85BC131875AB5200670905 /* TGIdleTimer.h */,
				AB85BC141875AB5200670905 /* TGIdleTimer.m */,
				ABCB68E818FD57E4009CF277 /* TEOSong.xcdatamodeld */,
				ABFC8EB319C1BCE90007ECCB /* uploadedSS.xcdatamodeld */,
				AB3FF56119C1D3CE00D6C5EF /* UploadedSSData.h */,
				AB3FF56219C1D3CE00D6C5EF /* UploadedSSData.m */,
				AB301E7419050C830093B654 /* TEOSongData.h */,
				AB301E7519050C830093B654 /* TEOSongData.m */,
				AB85BC271875AB5200670905 /* TGSongPool.h */,
				AB85BC281875AB5200670905 /* TGSongPool.m */,
				AB85BC1D1875AB5200670905 /* TGSong.h */,
				AB85BC1E1875AB5200670905 /* TGSong.m */,
				ABB770AA1950486600155EE7 /* SongID.swift */,
				ABB33FEF19C72C3800439A5E /* SweetSpotServerIO.swift */,
			);
			name = Common;
			sourceTree = "<group>";
		};
		AB3E974D187BFD9200BECC09 /* Playlist panel */ = {
			isa = PBXGroup;
			children = (
				AB85BC181875AB5200670905 /* TGPlaylist.h */,
				AB85BC191875AB5200670905 /* TGPlaylist.m */,
				AB85BC1A1875AB5200670905 /* TGPlaylistView.xib */,
				AB85BC1B1875AB5200670905 /* TGPlaylistViewController.h */,
				AB85BC1C1875AB5200670905 /* TGPlaylistViewController.m */,
				AB3E9750187C20D600BECC09 /* TGPlaylistCellView.h */,
				AB3E9751187C20D600BECC09 /* TGPlaylistCellView.m */,
			);
			name = "Playlist panel";
			sourceTree = "<group>";
		};
		AB3E974E187BFDA700BECC09 /* Song Info panel */ = {
			isa = PBXGroup;
			children = (
				AB85BC241875AB5200670905 /* TGSongInfoView.xib */,
				AB85BC251875AB5200670905 /* TGSongInfoViewController.h */,
				AB85BC261875AB5200670905 /* TGSongInfoViewController.m */,
			);
			name = "Song Info panel";
			sourceTree = "<group>";
		};
		AB3E974F187BFDC700BECC09 /* song timeline */ = {
			isa = PBXGroup;
			children = (
				AB85BC301875AB5200670905 /* TGSweetSpotControl.h */,
				AB85BC311875AB5200670905 /* TGSweetSpotControl.m */,
				AB85BC321875AB5200670905 /* TGTimelineBarView.h */,
				AB85BC331875AB5200670905 /* TGTimelineBarView.m */,
				AB85BC341875AB5200670905 /* TGTimelineSliderCell.h */,
				AB85BC351875AB5200670905 /* TGTimelineSliderCell.m */,
				AB85BC361875AB5200670905 /* TGTimelineTransformer.h */,
				AB85BC371875AB5200670905 /* TGTimelineTransformer.m */,
				AB85BC291875AB5200670905 /* TGSongTimelineView.xib */,
				AB85BC2A1875AB5200670905 /* TGSongTimelineViewController.h */,
				AB85BC2B1875AB5200670905 /* TGSongTimelineViewController.m */,
			);
			name = "song timeline";
			sourceTree = "<group>";
		};
		AB85BBCA1875AACF00670905 = {
			isa = PBXGroup;
			children = (
				AB85BBDC1875AACF00670905 /* reDiscover */,
				AB85BBFA1875AACF00670905 /* reDiscoverTests */,
				AB85BBD51875AACF00670905 /* Frameworks */,
				AB85BBD41875AACF00670905 /* Products */,
				B512DB84B1174F868791F7EF /* Pods.xcconfig */,
			);
			sourceTree = "<group>";
		};
		AB85BBD41875AACF00670905 /* Products */ = {
			isa = PBXGroup;
			children = (
				AB85BBD31875AACF00670905 /* reDiscover.app */,
			);
			name = Products;
			sourceTree = "<group>";
		};
		AB85BBD51875AACF00670905 /* Frameworks */ = {
			isa = PBXGroup;
			children = (
				AB4E078E19B618260052EEC0 /* QTKit.framework */,
				AB0D052D1889E06400F08566 /* libiconv.dylib */,
				AB241FD9188977AB00E8E03F /* libz.dylib */,
				AB241FD61889776700E8E03F /* VideoDecodeAcceleration.framework */,
				AB241FD41889774800E8E03F /* CoreFoundation.framework */,
				AB241FD21889767500E8E03F /* libbz2.dylib */,
				AB3E97481876F94700BECC09 /* libchromaprint.a */,
				AB85BC641875B2F600670905 /* Accelerate.framework */,
				AB85BC621875B2E000670905 /* libc++.dylib */,
				AB85BC5B1875AD3B00670905 /* QuartzCore.framework */,
				AB85BC591875AD1500670905 /* CoreMedia.framework */,
				AB85BC571875ACE200670905 /* AVFoundation.framework */,
				AB85BBD61875AACF00670905 /* Cocoa.framework */,
				AB85BBF51875AACF00670905 /* XCTest.framework */,
				AB85BBD81875AACF00670905 /* Other Frameworks */,
				FF4446098666436AB643944F /* libPods.a */,
			);
			name = Frameworks;
			sourceTree = "<group>";
		};
		AB85BBD81875AACF00670905 /* Other Frameworks */ = {
			isa = PBXGroup;
			children = (
				AB85BBD91875AACF00670905 /* AppKit.framework */,
				AB85BBDA1875AACF00670905 /* CoreData.framework */,
				AB85BBDB1875AACF00670905 /* Foundation.framework */,
			);
			name = "Other Frameworks";
			sourceTree = "<group>";
		};
		AB85BBDC1875AACF00670905 /* reDiscover */ = {
			isa = PBXGroup;
			children = (
				AB91A02C1972D097005DF712 /* DebugDisplayController.swift */,
				AB3140CE196D5F0F00F910BE /* SongPlayer.swift */,
				AB8A97991981261E0006D076 /* SongPlayer2.swift */,
				AB1BC13E1976C91E003F02B9 /* ScrollingTextView.swift */,
				AB3E974A187BFC7E00BECC09 /* App start view */,
				AB3E974B187BFD6000BECC09 /* Song grid panel */,
				AB3E974C187BFD8700BECC09 /* Common */,
				AB3E974D187BFD9200BECC09 /* Playlist panel */,
				AB3E974E187BFDA700BECC09 /* Song Info panel */,
				AB85BBEE1875AACF00670905 /* Images.xcassets */,
				AB85BBDD1875AACF00670905 /* Supporting Files */,
			);
			path = reDiscover;
			sourceTree = "<group>";
		};
		AB85BBDD1875AACF00670905 /* Supporting Files */ = {
			isa = PBXGroup;
			children = (
				ABFC8EB119C19C630007ECCB /* uploadedSS.plist */,
				AB85BBDE1875AACF00670905 /* reDiscover-Info.plist */,
				AB85BBDF1875AACF00670905 /* InfoPlist.strings */,
				AB85BBE21875AACF00670905 /* main.m */,
				AB85BBE41875AACF00670905 /* reDiscover-Prefix.pch */,
				AB85BBE51875AACF00670905 /* Credits.rtf */,
			);
			name = "Supporting Files";
			sourceTree = "<group>";
		};
		AB85BBFA1875AACF00670905 /* reDiscoverTests */ = {
			isa = PBXGroup;
			children = (
				AB85BC001875AACF00670905 /* reDiscoverTests.m */,
				AB85BBFB1875AACF00670905 /* Supporting Files */,
			);
			path = reDiscoverTests;
			sourceTree = "<group>";
		};
		AB85BBFB1875AACF00670905 /* Supporting Files */ = {
			isa = PBXGroup;
			children = (
				AB85BBFC1875AACF00670905 /* reDiscoverTests-Info.plist */,
				AB85BBFD1875AACF00670905 /* InfoPlist.strings */,
			);
			name = "Supporting Files";
			sourceTree = "<group>";
		};
/* End PBXGroup section */

/* Begin PBXNativeTarget section */
		AB85BBD21875AACF00670905 /* reDiscover */ = {
			isa = PBXNativeTarget;
			buildConfigurationList = AB85BC041875AACF00670905 /* Build configuration list for PBXNativeTarget "reDiscover" */;
			buildPhases = (
				61BF372820FC442D98F5DCBA /* Check Pods Manifest.lock */,
				AB85BBCF1875AACF00670905 /* Sources */,
				AB85BBD01875AACF00670905 /* Frameworks */,
				AB85BBD11875AACF00670905 /* Resources */,
				4841F6531A6146ABB5CC567B /* Copy Pods Resources */,
			);
			buildRules = (
			);
			dependencies = (
			);
			name = reDiscover;
			productName = reDiscover;
			productReference = AB85BBD31875AACF00670905 /* reDiscover.app */;
			productType = "com.apple.product-type.application";
		};
/* End PBXNativeTarget section */

/* Begin PBXProject section */
		AB85BBCB1875AACF00670905 /* Project object */ = {
			isa = PBXProject;
			attributes = {
				CLASSPREFIX = TG;
				LastUpgradeCheck = 0500;
				ORGANIZATIONNAME = "Teo Sartori";
			};
			buildConfigurationList = AB85BBCE1875AACF00670905 /* Build configuration list for PBXProject "reDiscover" */;
			compatibilityVersion = "Xcode 3.2";
			developmentRegion = English;
			hasScannedForEncodings = 0;
			knownRegions = (
				en,
				Base,
			);
			mainGroup = AB85BBCA1875AACF00670905;
			productRefGroup = AB85BBD41875AACF00670905 /* Products */;
			projectDirPath = "";
			projectRoot = "";
			targets = (
				AB85BBD21875AACF00670905 /* reDiscover */,
			);
		};
/* End PBXProject section */

/* Begin PBXResourcesBuildPhase section */
		AB85BBD11875AACF00670905 /* Resources */ = {
			isa = PBXResourcesBuildPhase;
			buildActionMask = 2147483647;
			files = (
				AB85BBE11875AACF00670905 /* InfoPlist.strings in Resources */,
				AB85BC4A1875AB5200670905 /* TGSongInfoView.xib in Resources */,
				AB85BC561875AB5200670905 /* TGWindowController.xib in Resources */,
				AB85BC4D1875AB5200670905 /* TGSongTimelineView.xib in Resources */,
				ABEC263D1951C6F200A57CE3 /* Main.storyboard in Resources */,
				AB85BBEF1875AACF00670905 /* Images.xcassets in Resources */,
				ABFC8EB219C19C630007ECCB /* uploadedSS.plist in Resources */,
				AB85BBE71875AACF00670905 /* Credits.rtf in Resources */,
				AB85BC411875AB5200670905 /* TGMainView.xib in Resources */,
				AB85BC441875AB5200670905 /* TGPlaylistView.xib in Resources */,
				AB85BC481875AB5200670905 /* TGSongGridView.xib in Resources */,
				AB85BBED1875AACF00670905 /* MainMenu.xib in Resources */,
			);
			runOnlyForDeploymentPostprocessing = 0;
		};
/* End PBXResourcesBuildPhase section */

/* Begin PBXShellScriptBuildPhase section */
		4841F6531A6146ABB5CC567B /* Copy Pods Resources */ = {
			isa = PBXShellScriptBuildPhase;
			buildActionMask = 2147483647;
			files = (
			);
			inputPaths = (
			);
			name = "Copy Pods Resources";
			outputPaths = (
			);
			runOnlyForDeploymentPostprocessing = 0;
			shellPath = /bin/sh;
			shellScript = "\"${SRCROOT}/Pods/Pods-resources.sh\"\n";
			showEnvVarsInLog = 0;
		};
		61BF372820FC442D98F5DCBA /* Check Pods Manifest.lock */ = {
			isa = PBXShellScriptBuildPhase;
			buildActionMask = 2147483647;
			files = (
			);
			inputPaths = (
			);
			name = "Check Pods Manifest.lock";
			outputPaths = (
			);
			runOnlyForDeploymentPostprocessing = 0;
			shellPath = /bin/sh;
			shellScript = "diff \"${PODS_ROOT}/../Podfile.lock\" \"${PODS_ROOT}/Manifest.lock\" > /dev/null\nif [[ $? != 0 ]] ; then\n    cat << EOM\nerror: The sandbox is not in sync with the Podfile.lock. Run 'pod install' or update your CocoaPods installation.\nEOM\n    exit 1\nfi\n";
			showEnvVarsInLog = 0;
		};
/* End PBXShellScriptBuildPhase section */

/* Begin PBXSourcesBuildPhase section */
		AB85BBCF1875AACF00670905 /* Sources */ = {
			isa = PBXSourcesBuildPhase;
			buildActionMask = 2147483647;
			files = (
				AB85BC521875AB5200670905 /* TGTimelineBarView.m in Sources */,
				AB01DB04194F499900368693 /* TGStack.m in Sources */,
				AB9A44BF19FFC97B00605DCC /* NSImage+TGHashId.m in Sources */,
				AB3FF56319C1D3CE00D6C5EF /* UploadedSSData.m in Sources */,
				ABB33FF019C72C3800439A5E /* SweetSpotServerIO.swift in Sources */,
				AB85BC491875AB5200670905 /* TGSongGridViewController.m in Sources */,
				ABFC8EB519C1BCE90007ECCB /* uploadedSS.xcdatamodeld in Sources */,
				AB85BC4E1875AB5200670905 /* TGSongTimelineViewController.m in Sources */,
				AB85BC5F1875AD7A00670905 /* TGSongGridScrollView.m in Sources */,
				AB85BC501875AB5200670905 /* TGSongUserData.m in Sources */,
				ABCB68EA18FD57E4009CF277 /* TEOSong.xcdatamodeld in Sources */,
				ABB770AB1950486600155EE7 /* SongID.swift in Sources */,
				AB17DF321959B2A200BFD25B /* PlaylistViewController.swift in Sources */,
				AB85BC421875AB5200670905 /* TGMainViewController.m in Sources */,
				AB56D9F418EC14D5005AB947 /* CAKeyframeAnimation+Parametric.m in Sources */,
				AB3140CF196D5F0F00F910BE /* SongPlayer.swift in Sources */,
				AB7FFB6119589BF2002D1E63 /* DropViewController.swift in Sources */,
				AB301E7619050C830093B654 /* TEOSongData.m in Sources */,
				AB85BC551875AB5200670905 /* TGWindowController.m in Sources */,
				AB85BC511875AB5200670905 /* TGSweetSpotControl.m in Sources */,
				AB3E9752187C20D600BECC09 /* TGPlaylistCellView.m in Sources */,
				AB85BC541875AB5200670905 /* TGTimelineTransformer.m in Sources */,
				AB71279B19407C8E0002B1F8 /* CoverArtArchiveWebFetcher.swift in Sources */,
				AB85BC461875AB5200670905 /* TGSong.m in Sources */,
				AB85BBE31875AACF00670905 /* main.m in Sources */,
				AB85BC401875AB5200670905 /* TGIdleTimer.m in Sources */,
				AB7E0719195AF31700570E39 /* MainWindowController.swift in Sources */,
				AB1BC13F1976C91E003F02B9 /* ScrollingTextView.swift in Sources */,
				AB85BBEA1875AACF00670905 /* TGAppDelegate.m in Sources */,
				AB85BC451875AB5200670905 /* TGPlaylistViewController.m in Sources */,
				AB85BC531875AB5200670905 /* TGTimelineSliderCell.m in Sources */,
				AB17DF341959B2B800BFD25B /* InfoViewController.swift in Sources */,
				AB8A979A1981261E0006D076 /* SongPlayer2.swift in Sources */,
				AB1E831619586C3C00D61BCA /* MainViewController.swift in Sources */,
				AB85BC4F1875AB5200670905 /* TGSongUIViewController.m in Sources */,
				AB85BC4B1875AB5200670905 /* TGSongInfoViewController.m in Sources */,
				AB17DEF91959937400BFD25B /* CoverViewController.swift in Sources */,
				AB91A02E1972D097005DF712 /* DebugDisplayController.swift in Sources */,
				AB85BC3E1875AB5200670905 /* TGFingerPrinter.m in Sources */,
				AB85BC471875AB5200670905 /* TGSongCellMatrix.m in Sources */,
				AB85BC3F1875AB5200670905 /* TGGridCell.m in Sources */,
				AB85BC431875AB5200670905 /* TGPlaylist.m in Sources */,
				AB85BC4C1875AB5200670905 /* TGSongPool.m in Sources */,
				AB7E0717195AF25600570E39 /* DropWindowController.swift in Sources */,
				AB7FFB6319589D1E002D1E63 /* DropView.swift in Sources */,
			);
			runOnlyForDeploymentPostprocessing = 0;
		};
/* End PBXSourcesBuildPhase section */

/* Begin PBXVariantGroup section */
		AB85BBDF1875AACF00670905 /* InfoPlist.strings */ = {
			isa = PBXVariantGroup;
			children = (
				AB85BBE01875AACF00670905 /* en */,
			);
			name = InfoPlist.strings;
			sourceTree = "<group>";
		};
		AB85BBE51875AACF00670905 /* Credits.rtf */ = {
			isa = PBXVariantGroup;
			children = (
				AB85BBE61875AACF00670905 /* en */,
			);
			name = Credits.rtf;
			sourceTree = "<group>";
		};
		AB85BBEB1875AACF00670905 /* MainMenu.xib */ = {
			isa = PBXVariantGroup;
			children = (
				AB85BBEC1875AACF00670905 /* Base */,
			);
			name = MainMenu.xib;
			sourceTree = "<group>";
		};
		AB85BBFD1875AACF00670905 /* InfoPlist.strings */ = {
			isa = PBXVariantGroup;
			children = (
				AB85BBFE1875AACF00670905 /* en */,
			);
			name = InfoPlist.strings;
			sourceTree = "<group>";
		};
/* End PBXVariantGroup section */

/* Begin XCBuildConfiguration section */
		AB85BC021875AACF00670905 /* Debug */ = {
			isa = XCBuildConfiguration;
			buildSettings = {
				ALWAYS_SEARCH_USER_PATHS = YES;
				CLANG_CXX_LANGUAGE_STANDARD = "gnu++0x";
				CLANG_CXX_LIBRARY = "libc++";
				CLANG_ENABLE_OBJC_ARC = YES;
				CLANG_WARN_BOOL_CONVERSION = YES;
				CLANG_WARN_CONSTANT_CONVERSION = YES;
				CLANG_WARN_DIRECT_OBJC_ISA_USAGE = YES_ERROR;
				CLANG_WARN_EMPTY_BODY = YES;
				CLANG_WARN_ENUM_CONVERSION = YES;
				CLANG_WARN_INT_CONVERSION = YES;
				CLANG_WARN_OBJC_ROOT_CLASS = YES_ERROR;
				CLANG_WARN__DUPLICATE_METHOD_MATCH = YES;
				COPY_PHASE_STRIP = NO;
				GCC_C_LANGUAGE_STANDARD = gnu99;
				GCC_DYNAMIC_NO_PIC = NO;
				GCC_ENABLE_OBJC_EXCEPTIONS = YES;
				GCC_OPTIMIZATION_LEVEL = 0;
				GCC_PREPROCESSOR_DEFINITIONS = (
					"DEBUG=1",
					"$(inherited)",
				);
				GCC_SYMBOLS_PRIVATE_EXTERN = NO;
				GCC_WARN_64_TO_32_BIT_CONVERSION = YES;
				GCC_WARN_ABOUT_RETURN_TYPE = YES_ERROR;
				GCC_WARN_UNDECLARED_SELECTOR = YES;
				GCC_WARN_UNINITIALIZED_AUTOS = YES;
				GCC_WARN_UNUSED_FUNCTION = YES;
				GCC_WARN_UNUSED_VARIABLE = YES;
				MACOSX_DEPLOYMENT_TARGET = 10.10;
				ONLY_ACTIVE_ARCH = YES;
				SDKROOT = macosx;
				USER_HEADER_SEARCH_PATHS = "../**";
			};
			name = Debug;
		};
		AB85BC031875AACF00670905 /* Release */ = {
			isa = XCBuildConfiguration;
			buildSettings = {
				ALWAYS_SEARCH_USER_PATHS = YES;
				CLANG_CXX_LANGUAGE_STANDARD = "gnu++0x";
				CLANG_CXX_LIBRARY = "libc++";
				CLANG_ENABLE_OBJC_ARC = YES;
				CLANG_WARN_BOOL_CONVERSION = YES;
				CLANG_WARN_CONSTANT_CONVERSION = YES;
				CLANG_WARN_DIRECT_OBJC_ISA_USAGE = YES_ERROR;
				CLANG_WARN_EMPTY_BODY = YES;
				CLANG_WARN_ENUM_CONVERSION = YES;
				CLANG_WARN_INT_CONVERSION = YES;
				CLANG_WARN_OBJC_ROOT_CLASS = YES_ERROR;
				CLANG_WARN__DUPLICATE_METHOD_MATCH = YES;
				COPY_PHASE_STRIP = YES;
				DEBUG_INFORMATION_FORMAT = "dwarf-with-dsym";
				ENABLE_NS_ASSERTIONS = NO;
				GCC_C_LANGUAGE_STANDARD = gnu99;
				GCC_ENABLE_OBJC_EXCEPTIONS = YES;
				GCC_WARN_64_TO_32_BIT_CONVERSION = YES;
				GCC_WARN_ABOUT_RETURN_TYPE = YES_ERROR;
				GCC_WARN_UNDECLARED_SELECTOR = YES;
				GCC_WARN_UNINITIALIZED_AUTOS = YES;
				GCC_WARN_UNUSED_FUNCTION = YES;
				GCC_WARN_UNUSED_VARIABLE = YES;
				MACOSX_DEPLOYMENT_TARGET = 10.10;
				SDKROOT = macosx;
				USER_HEADER_SEARCH_PATHS = "../**";
			};
			name = Release;
		};
		AB85BC051875AACF00670905 /* Debug */ = {
			isa = XCBuildConfiguration;
			baseConfigurationReference = B512DB84B1174F868791F7EF /* Pods.xcconfig */;
			buildSettings = {
				ASSETCATALOG_COMPILER_APPICON_NAME = AppIcon;
				CLANG_ENABLE_MODULES = YES;
				COMBINE_HIDPI_IMAGES = YES;
				FRAMEWORK_SEARCH_PATHS = "$(inherited)";
				GCC_PRECOMPILE_PREFIX_HEADER = YES;
				GCC_PREFIX_HEADER = "reDiscover/reDiscover-Prefix.pch";
				GCC_PREPROCESSOR_DEFINITIONS = (
					"$(inherited)",
					"COCOAPODS=1",
					"HAVE_CONFIG_H=1",
				);
				INFOPLIST_FILE = "reDiscover/reDiscover-Info.plist";
				LD_RUNPATH_SEARCH_PATHS = "$(inherited) @executable_path/../Frameworks";
				LIBRARY_SEARCH_PATHS = "$(inherited)/**";
				MACOSX_DEPLOYMENT_TARGET = 10.10;
				OTHER_LDFLAGS = "$(inherited)";
				PRODUCT_NAME = "$(TARGET_NAME)";
				SWIFT_OBJC_BRIDGING_HEADER = "reDiscover/reDiscover-Bridging-Header.h";
				SWIFT_OPTIMIZATION_LEVEL = "-Onone";
				USER_HEADER_SEARCH_PATHS = "$(inherited)/**";
				WRAPPER_EXTENSION = app;
			};
			name = Debug;
		};
		AB85BC061875AACF00670905 /* Release */ = {
			isa = XCBuildConfiguration;
			baseConfigurationReference = B512DB84B1174F868791F7EF /* Pods.xcconfig */;
			buildSettings = {
				ASSETCATALOG_COMPILER_APPICON_NAME = AppIcon;
				CLANG_ENABLE_MODULES = YES;
				COMBINE_HIDPI_IMAGES = YES;
				FRAMEWORK_SEARCH_PATHS = "$(inherited)";
				GCC_PRECOMPILE_PREFIX_HEADER = YES;
				GCC_PREFIX_HEADER = "reDiscover/reDiscover-Prefix.pch";
				INFOPLIST_FILE = "reDiscover/reDiscover-Info.plist";
				LD_RUNPATH_SEARCH_PATHS = "$(inherited) @executable_path/../Frameworks";
				LIBRARY_SEARCH_PATHS = "$(inherited)/**";
				MACOSX_DEPLOYMENT_TARGET = 10.10;
				OTHER_LDFLAGS = "$(inherited)";
				PRODUCT_NAME = "$(TARGET_NAME)";
				SWIFT_OBJC_BRIDGING_HEADER = "reDiscover/reDiscover-Bridging-Header.h";
				USER_HEADER_SEARCH_PATHS = "$(inherited)/**";
				WRAPPER_EXTENSION = app;
			};
			name = Release;
		};
/* End XCBuildConfiguration section */

/* Begin XCConfigurationList section */
		AB85BBCE1875AACF00670905 /* Build configuration list for PBXProject "reDiscover" */ = {
			isa = XCConfigurationList;
			buildConfigurations = (
				AB85BC021875AACF00670905 /* Debug */,
				AB85BC031875AACF00670905 /* Release */,
			);
			defaultConfigurationIsVisible = 0;
			defaultConfigurationName = Release;
		};
		AB85BC041875AACF00670905 /* Build configuration list for PBXNativeTarget "reDiscover" */ = {
			isa = XCConfigurationList;
			buildConfigurations = (
				AB85BC051875AACF00670905 /* Debug */,
				AB85BC061875AACF00670905 /* Release */,
			);
			defaultConfigurationIsVisible = 0;
			defaultConfigurationName = Release;
		};
/* End XCConfigurationList section */

/* Begin XCVersionGroup section */
		ABCB68E818FD57E4009CF277 /* TEOSong.xcdatamodeld */ = {
			isa = XCVersionGroup;
			children = (
				ABCB68E918FD57E4009CF277 /* TEOSong.xcdatamodel */,
			);
			currentVersion = ABCB68E918FD57E4009CF277 /* TEOSong.xcdatamodel */;
			path = TEOSong.xcdatamodeld;
			sourceTree = "<group>";
			versionGroupType = wrapper.xcdatamodel;
		};
		ABFC8EB319C1BCE90007ECCB /* uploadedSS.xcdatamodeld */ = {
			isa = XCVersionGroup;
			children = (
				ABFC8EB419C1BCE90007ECCB /* uploadedSS.xcdatamodel */,
			);
			currentVersion = ABFC8EB419C1BCE90007ECCB /* uploadedSS.xcdatamodel */;
			path = uploadedSS.xcdatamodeld;
			sourceTree = "<group>";
			versionGroupType = wrapper.xcdatamodel;
		};
/* End XCVersionGroup section */
	};
	rootObject = AB85BBCB1875AACF00670905 /* Project object */;
}
